#
# This file is autogenerated by pip-compile with Python 3.10
# by the following command:
#
#    pip-compile --output-file=requirements.lock requirements.txt
#
aiohappyeyeballs==2.6.1
    # via aiohttp
aiohttp==3.13.5
    # via
    #   -r requirements.txt
    #   discord-py
aiosignal==1.4.0
    # via aiohttp
annotated-doc==0.0.4
    # via fastapi
annotated-types==0.7.0
    # via pydantic
anyio==4.13.0
    # via
    #   httpx
    #   openai
    #   starlette
    #   watchfiles
async-timeout==5.0.1
    # via aiohttp
attrs==26.1.0
    # via aiohttp
babel==2.18.0
    # via courlan
beautifulsoup4==4.14.3
    # via -r requirements.txt
certifi==2026.4.22
    # via
    #   httpcore
    #   httpx
    #   trafilatura
cffi==2.0.0
    # via timezonefinder
charset-normalizer==3.4.7
    # via
    #   htmldate
    #   trafilatura
click==8.3.3
    # via
    #   ddgs
    #   uvicorn
colorama==0.4.6
    # via -r requirements.txt
colorlog==6.10.1
    # via -r requirements.txt
courlan==1.3.2
    # via trafilatura
dateparser==1.4.0
    # via htmldate
ddgs==9.14.2
    # via -r requirements.txt
discord-py==2.7.1
    # via -r requirements.txt
distro==1.9.0
    # via openai
exceptiongroup==1.3.1
    # via anyio
fastapi==0.136.1
    # via -r requirements.txt
flatbuffers==25.12.19
    # via timezonefinder
frozenlist==1.8.0
    # via
    #   aiohttp
    #   aiosignal
geographiclib==2.1
    # via geopy
geopy==2.4.1
    # via -r requirements.txt
h11==0.16.0
    # via
    #   httpcore
    #   uvicorn
h3==4.4.2
    # via timezonefinder
html2text==2025.4.15
    # via -r requirements.txt
htmldate==1.9.4
    # via trafilatura
httpcore==1.0.9
    # via httpx
httptools==0.7.1
    # via uvicorn
httpx==0.28.1
    # via openai
idna==3.13
    # via
    #   anyio
    #   httpx
    #   yarl
jinja2==3.1.6
    # via -r requirements.txt
jiter==0.14.0
    # via openai
justext==3.0.2
    # via trafilatura
lxml[html_clean]==6.1.0
    # via
    #   ddgs
    #   htmldate
    #   justext
    #   lxml-html-clean
    #   trafilatura
lxml-html-clean==0.4.4
    # via -r requirements.txt
markupsafe==3.0.3
    # via jinja2
multidict==6.7.1
    # via
    #   aiohttp
    #   yarl
numpy==2.2.6
    # via
    #   -r requirements.txt
    #   opencv-python
    #   timezonefinder
openai==2.34.0
    # via -r requirements.txt
opencv-python==4.13.0.92
    # via -r requirements.txt
pillow==12.2.0
    # via -r requirements.txt
primp==1.2.3
    # via ddgs
propcache==0.4.1
    # via
    #   aiohttp
    #   yarl
pycparser==3.0
    # via cffi
pydantic==2.13.3
    # via
    #   fastapi
    #   openai
pydantic-core==2.46.3
    # via pydantic
python-dateutil==2.9.0.post0
    # via
    #   dateparser
    #   htmldate
python-dotenv==1.2.2
    # via
    #   -r requirements.txt
    #   uvicorn
pytz==2026.2
    # via
    #   -r requirements.txt
    #   dateparser
pyyaml==6.0.3
    # via uvicorn
regex==2026.4.4
    # via dateparser
six==1.17.0
    # via python-dateutil
sniffio==1.3.1
    # via openai
soupsieve==2.8.3
    # via beautifulsoup4
starlette==1.0.0
    # via
    #   -r requirements.txt
    #   fastapi
timezonefinder==8.2.0
    # via -r requirements.txt
tld==0.13.2
    # via courlan
tqdm==4.67.3
    # via openai
trafilatura==2.0.0
    # via -r requirements.txt
typing-extensions==4.15.0
    # via
    #   aiosignal
    #   anyio
    #   beautifulsoup4
    #   exceptiongroup
    #   fastapi
    #   multidict
    #   openai
    #   pydantic
    #   pydantic-core
    #   starlette
    #   typing-inspection
    #   uvicorn
typing-inspection==0.4.2
    # via
    #   fastapi
    #   pydantic
tzlocal==5.3.1
    # via dateparser
urllib3==2.6.3
    # via
    #   courlan
    #   htmldate
    #   trafilatura
uvicorn[standard]==0.46.0
    # via -r requirements.txt
uvloop==0.22.1
    # via uvicorn
watchfiles==1.1.1
    # via uvicorn
websockets==16.0
    # via uvicorn
yarl==1.23.0
    # via aiohttp
